# THIS IS AN AUTOGENERATED FILE. DO NOT EDIT THIS FILE DIRECTLY.
# yarn lockfile v1


electron-pos-printer@^1.2.4:
  version "1.2.4"
  resolved "https://registry.yarnpkg.com/electron-pos-printer/-/electron-pos-printer-1.2.4.tgz#f57a5fac2b4f189eed42afb4479303ccb82116bd"
  integrity sha512-cO4wF3KhrE/6aAokZmPPlLMkCygsPfNv0/CkBsAXYaeN5TlfbQ9MF99P5UHxF++JBPcB6TCuog2DzNW0UF21sQ==
